
Microsoft Visual Studio Solution File, Format Version 12.00
# Visual Studio Version 17
VisualStudioVersion = 17.6.33723.286
MinimumVisualStudioVersion = 10.0.40219.1
Project("{FAE04EC0-301F-11D3-BF4B-00C04F79EFBC}") = "App2", "App2\App2.csproj", "{DEC31B23-354C-4F9E-9269-FDDC64CA6A73}"
EndProject
Global
	GlobalSection(SolutionConfigurationPlatforms) = preSolution
		Debug|Any CPU = Debug|Any CPU
		Release|Any CPU = Release|Any CPU
	EndGlobalSection
	GlobalSection(ProjectConfigurationPlatforms) = postSolution
		{DEC31B23-354C-4F9E-9269-FDDC64CA6A73}.Debug|Any CPU.ActiveCfg = Debug|Any CPU
		{DEC31B23-354C-4F9E-9269-FDDC64CA6A73}.Debug|Any CPU.Build.0 = Debug|Any CPU
		{DEC31B23-354C-4F9E-9269-FDDC64CA6A73}.Release|Any CPU.ActiveCfg = Release|Any CPU
		{DEC31B23-354C-4F9E-9269-FDDC64CA6A73}.Release|Any CPU.Build.0 = Release|Any CPU
	EndGlobalSection
	GlobalSection(SolutionProperties) = preSolution
		HideSolutionNode = FALSE
	EndGlobalSection
	GlobalSection(ExtensibilityGlobals) = postSolution
		SolutionGuid = {90F9134E-E4D9-4598-A018-D0A443AE95FA}
	EndGlobalSection
EndGlobal
